
Microsoft Visual Studio Solution File, Format Version 12.00
# Visual Studio 14
VisualStudioVersion = 14.0.25420.1
MinimumVisualStudioVersion = 10.0.40219.1
Project("{FAE04EC0-301F-11D3-BF4B-00C04F79EFBC}") = "MapServiceSearch.Web.App", "MapServiceSearch.Web.App\MapServiceSearch.Web.App.csproj", "{A531C184-AEC9-4CF4-BDE9-766C602B9FEF}"
EndProject
Project("{2150E333-8FDC-42A3-9474-1A3956D46DE8}") = "Solution Items", "Solution Items", "{E443B05A-0174-49CB-B970-CF5AD319F9BE}"
	ProjectSection(SolutionItems) = preProject
		README.md = README.md
	EndProjectSection
EndProject
Global
	GlobalSection(SolutionConfigurationPlatforms) = preSolution
		Debug|Any CPU = Debug|Any CPU
		Release|Any CPU = Release|Any CPU
	EndGlobalSection
	GlobalSection(ProjectConfigurationPlatforms) = postSolution
		{A531C184-AEC9-4CF4-BDE9-766C602B9FEF}.Debug|Any CPU.ActiveCfg = Debug|Any CPU
		{A531C184-AEC9-4CF4-BDE9-766C602B9FEF}.Debug|Any CPU.Build.0 = Debug|Any CPU
		{A531C184-AEC9-4CF4-BDE9-766C602B9FEF}.Release|Any CPU.ActiveCfg = Release|Any CPU
		{A531C184-AEC9-4CF4-BDE9-766C602B9FEF}.Release|Any CPU.Build.0 = Release|Any CPU
	EndGlobalSection
	GlobalSection(SolutionProperties) = preSolution
		HideSolutionNode = FALSE
	EndGlobalSection
EndGlobal
